
Microsoft Visual Studio Solution File, Format Version 12.00
# Visual Studio Version 16
VisualStudioVersion = 16.0.30907.101
MinimumVisualStudioVersion = 10.0.40219.1
Project("{FAE04EC0-301F-11D3-BF4B-00C04F79EFBC}") = "Mossharbor.ActivityStreams", "Mossharbor.ActivityStreams\Mossharbor.ActivityStreams.csproj", "{22930502-098D-4BD6-89E9-530A7914847B}"
EndProject
Global
	GlobalSection(SolutionConfigurationPlatforms) = preSolution
		Debug|Any CPU = Debug|Any CPU
		Release|Any CPU = Release|Any CPU
	EndGlobalSection
	GlobalSection(ProjectConfigurationPlatforms) = postSolution
		{22930502-098D-4BD6-89E9-530A7914847B}.Debug|Any CPU.ActiveCfg = Debug|Any CPU
		{22930502-098D-4BD6-89E9-530A7914847B}.Debug|Any CPU.Build.0 = Debug|Any CPU
		{22930502-098D-4BD6-89E9-530A7914847B}.Release|Any CPU.ActiveCfg = Release|Any CPU
		{22930502-098D-4BD6-89E9-530A7914847B}.Release|Any CPU.Build.0 = Release|Any CPU
	EndGlobalSection
	GlobalSection(SolutionProperties) = preSolution
		HideSolutionNode = FALSE
	EndGlobalSection
	GlobalSection(ExtensibilityGlobals) = postSolution
		SolutionGuid = {7E0B94E8-380B-4A09-AB09-9895FA89D631}
	EndGlobalSection
EndGlobal
